
Microsoft Visual Studio Solution File, Format Version 12.00
Project("{2150E333-8FDC-42A3-9474-1A3956D46DE8}") = "src", "src", "{827E0CD3-B72D-47B6-A68D-7590B98EB39B}"
	ProjectSection(SolutionItems) = preProject
		Dockerfile = Dockerfile
		.dockerignore = .dockerignore
	EndProjectSection
EndProject
Project("{2150E333-8FDC-42A3-9474-1A3956D46DE8}") = "shared", "shared", "{A1B2C3D4-E5F6-7890-ABCD-EF1234567890}"
EndProject
Project("{FAE04EC0-301F-11D3-BF4B-00C04F79EFBC}") = "IoT.Application", "src\IoT.Application\IoT.Application.csproj", "{1EFB7765-DAF4-459D-85B7-8BCA3DA9789A}"
EndProject
Project("{FAE04EC0-301F-11D3-BF4B-00C04F79EFBC}") = "IoT.Contracts", "shared\IoT.Contracts\IoT.Contracts.csproj", "{B4D6F8A2-C3E5-4791-BCDE-F12345678901}"
EndProject
Project("{FAE04EC0-301F-11D3-BF4B-00C04F79EFBC}") = "IoT.Infrastructure", "src\IoT.Infrastructure\IoT.Infrastructure.csproj", "{2F8C95B8-C698-42AD-8047-E98316F1F6E2}"
EndProject
Project("{FAE04EC0-301F-11D3-BF4B-00C04F79EFBC}") = "IoT.Interfaces", "src\IoT.Interfaces\IoT.Interfaces.csproj", "{6CD925FB-0496-4D98-85EA-5DFCCA174CB6}"
EndProject
Project("{FAE04EC0-301F-11D3-BF4B-00C04F79EFBC}") = "IoT.Shared", "shared\IoT.Shared\IoT.Shared.csproj", "{FA08219D-B02A-4DF6-93D2-E36BE204AE94}"
EndProject
Project("{FAE04EC0-301F-11D3-BF4B-00C04F79EFBC}") = "IoT.Domain", "src\IoT.Domain\IoT.Domain.csproj", "{DD28A379-DBCD-4BFF-A03A-E2F6377519B5}"
EndProject
Project("{FAE04EC0-301F-11D3-BF4B-00C04F79EFBC}") = "IoT.Rest", "src\IoT.Rest\IoT.Rest.csproj", "{D16CE495-50F4-4E54-BA43-1EC20180FDCD}"
EndProject
Project("{2150E333-8FDC-42A3-9474-1A3956D46DE8}") = "tests", "tests", "{0AB3BF05-4346-4AA6-1389-037BE0695223}"
EndProject
Project("{FAE04EC0-301F-11D3-BF4B-00C04F79EFBC}") = "IoT.IntegrationTests", "tests\IoT.IntegrationTests\IoT.IntegrationTests.csproj", "{3B798F8A-58CC-4E7E-BBD7-3B4729F6E655}"
EndProject
Project("{2150E333-8FDC-42A3-9474-1A3956D46DE8}") = ".github/workflows/", ".github/workflows/", "{73AB310E-0D17-4B04-AFD3-B0B5A4A762AD}"
	ProjectSection(SolutionItems) = preProject
		ci.yml = ci.yml
		cd.yml = cd.yml
	EndProjectSection
EndProject
Global
	GlobalSection(SolutionConfigurationPlatforms) = preSolution
		Debug|Any CPU = Debug|Any CPU
		Debug|x64 = Debug|x64
		Debug|x86 = Debug|x86
		Release|Any CPU = Release|Any CPU
		Release|x64 = Release|x64
		Release|x86 = Release|x86
	EndGlobalSection
	GlobalSection(ProjectConfigurationPlatforms) = postSolution
		{1EFB7765-DAF4-459D-85B7-8BCA3DA9789A}.Debug|Any CPU.ActiveCfg = Debug|Any CPU
		{1EFB7765-DAF4-459D-85B7-8BCA3DA9789A}.Debug|Any CPU.Build.0 = Debug|Any CPU
		{1EFB7765-DAF4-459D-85B7-8BCA3DA9789A}.Debug|x64.ActiveCfg = Debug|Any CPU
		{1EFB7765-DAF4-459D-85B7-8BCA3DA9789A}.Debug|x64.Build.0 = Debug|Any CPU
		{1EFB7765-DAF4-459D-85B7-8BCA3DA9789A}.Debug|x86.ActiveCfg = Debug|Any CPU
		{1EFB7765-DAF4-459D-85B7-8BCA3DA9789A}.Debug|x86.Build.0 = Debug|Any CPU
		{1EFB7765-DAF4-459D-85B7-8BCA3DA9789A}.Release|Any CPU.ActiveCfg = Release|Any CPU
		{1EFB7765-DAF4-459D-85B7-8BCA3DA9789A}.Release|Any CPU.Build.0 = Release|Any CPU
		{1EFB7765-DAF4-459D-85B7-8BCA3DA9789A}.Release|x64.ActiveCfg = Release|Any CPU
		{1EFB7765-DAF4-459D-85B7-8BCA3DA9789A}.Release|x64.Build.0 = Release|Any CPU
		{1EFB7765-DAF4-459D-85B7-8BCA3DA9789A}.Release|x86.ActiveCfg = Release|Any CPU
		{1EFB7765-DAF4-459D-85B7-8BCA3DA9789A}.Release|x86.Build.0 = Release|Any CPU
		{B4D6F8A2-C3E5-4791-BCDE-F12345678901}.Debug|Any CPU.ActiveCfg = Debug|Any CPU
		{B4D6F8A2-C3E5-4791-BCDE-F12345678901}.Debug|Any CPU.Build.0 = Debug|Any CPU
		{B4D6F8A2-C3E5-4791-BCDE-F12345678901}.Debug|x64.ActiveCfg = Debug|Any CPU
		{B4D6F8A2-C3E5-4791-BCDE-F12345678901}.Debug|x64.Build.0 = Debug|Any CPU
		{B4D6F8A2-C3E5-4791-BCDE-F12345678901}.Debug|x86.ActiveCfg = Debug|Any CPU
		{B4D6F8A2-C3E5-4791-BCDE-F12345678901}.Debug|x86.Build.0 = Debug|Any CPU
		{B4D6F8A2-C3E5-4791-BCDE-F12345678901}.Release|Any CPU.ActiveCfg = Release|Any CPU
		{B4D6F8A2-C3E5-4791-BCDE-F12345678901}.Release|Any CPU.Build.0 = Release|Any CPU
		{B4D6F8A2-C3E5-4791-BCDE-F12345678901}.Release|x64.ActiveCfg = Release|Any CPU
		{B4D6F8A2-C3E5-4791-BCDE-F12345678901}.Release|x64.Build.0 = Release|Any CPU
		{B4D6F8A2-C3E5-4791-BCDE-F12345678901}.Release|x86.ActiveCfg = Release|Any CPU
		{B4D6F8A2-C3E5-4791-BCDE-F12345678901}.Release|x86.Build.0 = Release|Any CPU
		{2F8C95B8-C698-42AD-8047-E98316F1F6E2}.Debug|Any CPU.ActiveCfg = Debug|Any CPU
		{2F8C95B8-C698-42AD-8047-E98316F1F6E2}.Debug|Any CPU.Build.0 = Debug|Any CPU
		{2F8C95B8-C698-42AD-8047-E98316F1F6E2}.Debug|x64.ActiveCfg = Debug|Any CPU
		{2F8C95B8-C698-42AD-8047-E98316F1F6E2}.Debug|x64.Build.0 = Debug|Any CPU
		{2F8C95B8-C698-42AD-8047-E98316F1F6E2}.Debug|x86.ActiveCfg = Debug|Any CPU
		{2F8C95B8-C698-42AD-8047-E98316F1F6E2}.Debug|x86.Build.0 = Debug|Any CPU
		{2F8C95B8-C698-42AD-8047-E98316F1F6E2}.Release|Any CPU.ActiveCfg = Release|Any CPU
		{2F8C95B8-C698-42AD-8047-E98316F1F6E2}.Release|Any CPU.Build.0 = Release|Any CPU
		{2F8C95B8-C698-42AD-8047-E98316F1F6E2}.Release|x64.ActiveCfg = Release|Any CPU
		{2F8C95B8-C698-42AD-8047-E98316F1F6E2}.Release|x64.Build.0 = Release|Any CPU
		{2F8C95B8-C698-42AD-8047-E98316F1F6E2}.Release|x86.ActiveCfg = Release|Any CPU
		{2F8C95B8-C698-42AD-8047-E98316F1F6E2}.Release|x86.Build.0 = Release|Any CPU
		{6CD925FB-0496-4D98-85EA-5DFCCA174CB6}.Debug|Any CPU.ActiveCfg = Debug|Any CPU
		{6CD925FB-0496-4D98-85EA-5DFCCA174CB6}.Debug|Any CPU.Build.0 = Debug|Any CPU
		{6CD925FB-0496-4D98-85EA-5DFCCA174CB6}.Debug|x64.ActiveCfg = Debug|Any CPU
		{6CD925FB-0496-4D98-85EA-5DFCCA174CB6}.Debug|x64.Build.0 = Debug|Any CPU
		{6CD925FB-0496-4D98-85EA-5DFCCA174CB6}.Debug|x86.ActiveCfg = Debug|Any CPU
		{6CD925FB-0496-4D98-85EA-5DFCCA174CB6}.Debug|x86.Build.0 = Debug|Any CPU
		{6CD925FB-0496-4D98-85EA-5DFCCA174CB6}.Release|Any CPU.ActiveCfg = Release|Any CPU
		{6CD925FB-0496-4D98-85EA-5DFCCA174CB6}.Release|Any CPU.Build.0 = Release|Any CPU
		{6CD925FB-0496-4D98-85EA-5DFCCA174CB6}.Release|x64.ActiveCfg = Release|Any CPU
		{6CD925FB-0496-4D98-85EA-5DFCCA174CB6}.Release|x64.Build.0 = Release|Any CPU
		{6CD925FB-0496-4D98-85EA-5DFCCA174CB6}.Release|x86.ActiveCfg = Release|Any CPU
		{6CD925FB-0496-4D98-85EA-5DFCCA174CB6}.Release|x86.Build.0 = Release|Any CPU
		{FA08219D-B02A-4DF6-93D2-E36BE204AE94}.Debug|Any CPU.ActiveCfg = Debug|Any CPU
		{FA08219D-B02A-4DF6-93D2-E36BE204AE94}.Debug|Any CPU.Build.0 = Debug|Any CPU
		{FA08219D-B02A-4DF6-93D2-E36BE204AE94}.Debug|x64.ActiveCfg = Debug|Any CPU
		{FA08219D-B02A-4DF6-93D2-E36BE204AE94}.Debug|x64.Build.0 = Debug|Any CPU
		{FA08219D-B02A-4DF6-93D2-E36BE204AE94}.Debug|x86.ActiveCfg = Debug|Any CPU
		{FA08219D-B02A-4DF6-93D2-E36BE204AE94}.Debug|x86.Build.0 = Debug|Any CPU
		{FA08219D-B02A-4DF6-93D2-E36BE204AE94}.Release|Any CPU.ActiveCfg = Release|Any CPU
		{FA08219D-B02A-4DF6-93D2-E36BE204AE94}.Release|Any CPU.Build.0 = Release|Any CPU
		{FA08219D-B02A-4DF6-93D2-E36BE204AE94}.Release|x64.ActiveCfg = Release|Any CPU
		{FA08219D-B02A-4DF6-93D2-E36BE204AE94}.Release|x64.Build.0 = Release|Any CPU
		{FA08219D-B02A-4DF6-93D2-E36BE204AE94}.Release|x86.ActiveCfg = Release|Any CPU
		{FA08219D-B02A-4DF6-93D2-E36BE204AE94}.Release|x86.Build.0 = Release|Any CPU
		{DD28A379-DBCD-4BFF-A03A-E2F6377519B5}.Debug|Any CPU.ActiveCfg = Debug|Any CPU
		{DD28A379-DBCD-4BFF-A03A-E2F6377519B5}.Debug|Any CPU.Build.0 = Debug|Any CPU
		{DD28A379-DBCD-4BFF-A03A-E2F6377519B5}.Debug|x64.ActiveCfg = Debug|Any CPU
		{DD28A379-DBCD-4BFF-A03A-E2F6377519B5}.Debug|x64.Build.0 = Debug|Any CPU
		{DD28A379-DBCD-4BFF-A03A-E2F6377519B5}.Debug|x86.ActiveCfg = Debug|Any CPU
		{DD28A379-DBCD-4BFF-A03A-E2F6377519B5}.Debug|x86.Build.0 = Debug|Any CPU
		{DD28A379-DBCD-4BFF-A03A-E2F6377519B5}.Release|Any CPU.ActiveCfg = Release|Any CPU
		{DD28A379-DBCD-4BFF-A03A-E2F6377519B5}.Release|Any CPU.Build.0 = Release|Any CPU
		{DD28A379-DBCD-4BFF-A03A-E2F6377519B5}.Release|x64.ActiveCfg = Release|Any CPU
		{DD28A379-DBCD-4BFF-A03A-E2F6377519B5}.Release|x64.Build.0 = Release|Any CPU
		{DD28A379-DBCD-4BFF-A03A-E2F6377519B5}.Release|x86.ActiveCfg = Release|Any CPU
		{DD28A379-DBCD-4BFF-A03A-E2F6377519B5}.Release|x86.Build.0 = Release|Any CPU
		{D16CE495-50F4-4E54-BA43-1EC20180FDCD}.Debug|Any CPU.ActiveCfg = Debug|Any CPU
		{D16CE495-50F4-4E54-BA43-1EC20180FDCD}.Debug|Any CPU.Build.0 = Debug|Any CPU
		{D16CE495-50F4-4E54-BA43-1EC20180FDCD}.Debug|x64.ActiveCfg = Debug|Any CPU
		{D16CE495-50F4-4E54-BA43-1EC20180FDCD}.Debug|x64.Build.0 = Debug|Any CPU
		{D16CE495-50F4-4E54-BA43-1EC20180FDCD}.Debug|x86.ActiveCfg = Debug|Any CPU
		{D16CE495-50F4-4E54-BA43-1EC20180FDCD}.Debug|x86.Build.0 = Debug|Any CPU
		{D16CE495-50F4-4E54-BA43-1EC20180FDCD}.Release|Any CPU.ActiveCfg = Release|Any CPU
		{D16CE495-50F4-4E54-BA43-1EC20180FDCD}.Release|Any CPU.Build.0 = Release|Any CPU
		{D16CE495-50F4-4E54-BA43-1EC20180FDCD}.Release|x64.ActiveCfg = Release|Any CPU
		{D16CE495-50F4-4E54-BA43-1EC20180FDCD}.Release|x64.Build.0 = Release|Any CPU
		{D16CE495-50F4-4E54-BA43-1EC20180FDCD}.Release|x86.ActiveCfg = Release|Any CPU
		{D16CE495-50F4-4E54-BA43-1EC20180FDCD}.Release|x86.Build.0 = Release|Any CPU
		{3B798F8A-58CC-4E7E-BBD7-3B4729F6E655}.Debug|Any CPU.ActiveCfg = Debug|Any CPU
		{3B798F8A-58CC-4E7E-BBD7-3B4729F6E655}.Debug|Any CPU.Build.0 = Debug|Any CPU
		{3B798F8A-58CC-4E7E-BBD7-3B4729F6E655}.Debug|x64.ActiveCfg = Debug|Any CPU
		{3B798F8A-58CC-4E7E-BBD7-3B4729F6E655}.Debug|x64.Build.0 = Debug|Any CPU
		{3B798F8A-58CC-4E7E-BBD7-3B4729F6E655}.Debug|x86.ActiveCfg = Debug|Any CPU
		{3B798F8A-58CC-4E7E-BBD7-3B4729F6E655}.Debug|x86.Build.0 = Debug|Any CPU
		{3B798F8A-58CC-4E7E-BBD7-3B4729F6E655}.Release|Any CPU.ActiveCfg = Release|Any CPU
		{3B798F8A-58CC-4E7E-BBD7-3B4729F6E655}.Release|Any CPU.Build.0 = Release|Any CPU
		{3B798F8A-58CC-4E7E-BBD7-3B4729F6E655}.Release|x64.ActiveCfg = Release|Any CPU
		{3B798F8A-58CC-4E7E-BBD7-3B4729F6E655}.Release|x64.Build.0 = Release|Any CPU
		{3B798F8A-58CC-4E7E-BBD7-3B4729F6E655}.Release|x86.ActiveCfg = Release|Any CPU
		{3B798F8A-58CC-4E7E-BBD7-3B4729F6E655}.Release|x86.Build.0 = Release|Any CPU
	EndGlobalSection
	GlobalSection(SolutionProperties) = preSolution
		HideSolutionNode = FALSE
	EndGlobalSection
	GlobalSection(NestedProjects) = preSolution
		{1EFB7765-DAF4-459D-85B7-8BCA3DA9789A} = {827E0CD3-B72D-47B6-A68D-7590B98EB39B}
		{B4D6F8A2-C3E5-4791-BCDE-F12345678901} = {A1B2C3D4-E5F6-7890-ABCD-EF1234567890}
		{2F8C95B8-C698-42AD-8047-E98316F1F6E2} = {827E0CD3-B72D-47B6-A68D-7590B98EB39B}
		{6CD925FB-0496-4D98-85EA-5DFCCA174CB6} = {827E0CD3-B72D-47B6-A68D-7590B98EB39B}
		{FA08219D-B02A-4DF6-93D2-E36BE204AE94} = {A1B2C3D4-E5F6-7890-ABCD-EF1234567890}
		{DD28A379-DBCD-4BFF-A03A-E2F6377519B5} = {827E0CD3-B72D-47B6-A68D-7590B98EB39B}
		{D16CE495-50F4-4E54-BA43-1EC20180FDCD} = {827E0CD3-B72D-47B6-A68D-7590B98EB39B}
		{3B798F8A-58CC-4E7E-BBD7-3B4729F6E655} = {0AB3BF05-4346-4AA6-1389-037BE0695223}
	EndGlobalSection
EndGlobal
