
Microsoft Visual Studio Solution File, Format Version 12.00
Project("{2150E333-8FDC-42A3-9474-1A3956D46DE8}") = "src", "src", "{827E0CD3-B72D-47B6-A68D-7590B98EB39B}"
	ProjectSection(SolutionItems) = preProject
		Dockerfile = Dockerfile
		.dockerignore = .dockerignore
	EndProjectSection
EndProject
Project("{2150E333-8FDC-42A3-9474-1A3956D46DE8}") = "shared", "shared", "{A1B2C3D4-E5F6-7890-ABCD-EF1234567890}"
EndProject
Project("{FAE04EC0-301F-11D3-BF4B-00C04F79EFBC}") = "IoT.Application", "src\IoT.Application\IoT.Application.csproj", "{1EFB7765-DAF4-459D-85B7-8BCA3DA9789A}"
EndProject
Project("{FAE04EC0-301F-11D3-BF4B-00C04F79EFBC}") = "IoT.Contracts", "shared\IoT.Contracts\IoT.Contracts.csproj", "{B4D6F8A2-C3E5-4791-BCDE-F12345678901}"
EndProject
Project("{FAE04EC0-301F-11D3-BF4B-00C04F79EFBC}") = "IoT.Infrastructure", "src\IoT.Infrastructure\IoT.Infrastructure.csproj", "{2F8C95B8-C698-42AD-8047-E98316F1F6E2}"
EndProject
Project("{FAE04EC0-301F-11D3-BF4B-00C04F79EFBC}") = "IoT.Interfaces", "src\IoT.Interfaces\IoT.Interfaces.csproj", "{6CD925FB-0496-4D98-85EA-5DFCCA174CB6}"
EndProject
Project("{FAE04EC0-301F-11D3-BF4B-00C04F79EFBC}") = "IoT.Shared", "shared\IoT.Shared\IoT.Shared.csproj", "{FA08219D-B02A-4DF6-93D2-E36BE204AE94}"
EndProject
Project("{FAE04EC0-301F-11D3-BF4B-00C04F79EFBC}") = "IoT.Domain", "src\IoT.Domain\IoT.Domain.csproj", "{DD28A379-DBCD-4BFF-A03A-E2F6377519B5}"
EndProject
Project("{FAE04EC0-301F-11D3-BF4B-00C04F79EFBC}") = "IoT.Rest", "src\IoT.Rest\IoT.Rest.csproj", "{D16CE495-50F4-4E54-BA43-1EC20180FDCD}"
EndProject
Project("{2150E333-8FDC-42A3-9474-1A3956D46DE8}") = "tests", "tests", "{0AB3BF05-4346-4AA6-1389-037BE0695223}"
EndProject
Project("{FAE04EC0-301F-11D3-BF4B-00C04F79EFBC}") = "IoT.IntegrationTests", "tests\IoT.IntegrationTests\IoT.IntegrationTests.csproj", "{3B798F8A-58CC-4E7E-BBD7-3B4729F6E655}"
EndProject
Project("{2150E333-8FDC-42A3-9474-1A3956D46DE8}") = ".github/workflows/", ".github/workflows/", "{73AB310E-0D17-4B04-AFD3-B0B5A4A762AD}"
	ProjectSection(SolutionItems) = preProject
		ci.yml = ci.yml
		cd.yml = cd.yml
	EndProjectSection
EndProject
Project("{2150E333-8FDC-42A3-9474-1A3956D46DE8}") = "TelemetryService", "TelemetryService", "{C1D2E3F4-A5B6-7890-CDEF-123456789ABC}"
EndProject
Project("{FAE04EC0-301F-11D3-BF4B-00C04F79EFBC}") = "TelemetryService.Rest", "src\services\TelemetryService\TelemetryService.Rest\TelemetryService.Rest.csproj", "{D1E2F3A4-B5C6-7890-DEFA-234567890BCD}"
EndProject
Project("{FAE04EC0-301F-11D3-BF4B-00C04F79EFBC}") = "TelemetryService.Application", "src\services\TelemetryService\TelemetryService.Application\TelemetryService.Application.csproj", "{E1F2A3B4-C5D6-7890-EFAB-345678901CDE}"
EndProject
Project("{FAE04EC0-301F-11D3-BF4B-00C04F79EFBC}") = "TelemetryService.Domain", "src\services\TelemetryService\TelemetryService.Domain\TelemetryService.Domain.csproj", "{F1A2B3C4-D5E6-7890-FABC-456789012DEF}"
EndProject
Project("{FAE04EC0-301F-11D3-BF4B-00C04F79EFBC}") = "TelemetryService.Infrastructure", "src\services\TelemetryService\TelemetryService.Infrastructure\TelemetryService.Infrastructure.csproj", "{A1B2C3D4-E5F6-7890-ABCD-567890123EFA}"
EndProject
Project("{FAE04EC0-301F-11D3-BF4B-00C04F79EFBC}") = "TelemetryService.Interfaces", "src\services\TelemetryService\TelemetryService.Interfaces\TelemetryService.Interfaces.csproj", "{B2C3D4E5-F6A7-8901-BCDE-678901234FAB}"
EndProject
Project("{FAE04EC0-301F-11D3-BF4B-00C04F79EFBC}") = "TelemetryService.IntegrationTests", "tests\TelemetryService.IntegrationTests\TelemetryService.IntegrationTests.csproj", "{C1D2E3F4-A5B6-7890-CDEF-987654321ABC}"
EndProject
Project("{2150E333-8FDC-42A3-9474-1A3956D46DE8}") = "DeviceService", "DeviceService", "{D2E3F4A5-B6C7-8901-DEFA-234567890ABC}"
EndProject
Project("{FAE04EC0-301F-11D3-BF4B-00C04F79EFBC}") = "DeviceService.Domain", "src\services\DeviceService\DeviceService.Domain\DeviceService.Domain.csproj", "{F4A5B6C7-D8E9-0123-FABC-456789012CDE}"
EndProject
Project("{FAE04EC0-301F-11D3-BF4B-00C04F79EFBC}") = "DeviceService.Interfaces", "src\services\DeviceService\DeviceService.Interfaces\DeviceService.Interfaces.csproj", "{A5B6C7D8-E9F0-1234-ABCD-567890123DEF}"
EndProject
Project("{FAE04EC0-301F-11D3-BF4B-00C04F79EFBC}") = "DeviceService.Application", "src\services\DeviceService\DeviceService.Application\DeviceService.Application.csproj", "{B6C7D8E9-F0A1-2345-BCDE-678901234EFA}"
EndProject
Project("{FAE04EC0-301F-11D3-BF4B-00C04F79EFBC}") = "DeviceService.Infrastructure", "src\services\DeviceService\DeviceService.Infrastructure\DeviceService.Infrastructure.csproj", "{C7D8E9F0-A1B2-3456-CDEF-789012345FAB}"
EndProject
Project("{FAE04EC0-301F-11D3-BF4B-00C04F79EFBC}") = "DeviceService.Rest", "src\services\DeviceService\DeviceService.Rest\DeviceService.Rest.csproj", "{E3F4A5B6-C7D8-9012-EFAB-345678901BCD}"
EndProject
Project("{FAE04EC0-301F-11D3-BF4B-00C04F79EFBC}") = "DeviceService.IntegrationTests", "tests\DeviceService.IntegrationTests\DeviceService.IntegrationTests.csproj", "{D8E9F0A1-B2C3-4567-DEFA-890123456ABC}"
EndProject
Project("{2150E333-8FDC-42A3-9474-1A3956D46DE8}") = "MaintenanceService", "MaintenanceService", "{A1B2C3D4-E5F6-7890-ABCD-111111111111}"
EndProject
Project("{FAE04EC0-301F-11D3-BF4B-00C04F79EFBC}") = "MaintenanceService.Application", "src\services\MaintenanceService\MaintenanceService.Application\MaintenanceService.Application.csproj", "{C438216B-9847-4826-99C2-0AFEEBFC5471}"
EndProject
Project("{FAE04EC0-301F-11D3-BF4B-00C04F79EFBC}") = "MaintenanceService.Domain", "src\services\MaintenanceService\MaintenanceService.Domain\MaintenanceService.Domain.csproj", "{A1B2C3D4-E5F6-7890-ABCD-222222222222}"
EndProject
Project("{FAE04EC0-301F-11D3-BF4B-00C04F79EFBC}") = "MaintenanceService.Interfaces", "src\services\MaintenanceService\MaintenanceService.Interfaces\MaintenanceService.Interfaces.csproj", "{A1B2C3D4-E5F6-7890-ABCD-333333333333}"
EndProject
Project("{FAE04EC0-301F-11D3-BF4B-00C04F79EFBC}") = "MaintenanceService.Infrastructure", "src\services\MaintenanceService\MaintenanceService.Infrastructure\MaintenanceService.Infrastructure.csproj", "{A1B2C3D4-E5F6-7890-ABCD-444444444444}"
EndProject
Project("{FAE04EC0-301F-11D3-BF4B-00C04F79EFBC}") = "MaintenanceService.Rest", "src\services\MaintenanceService\MaintenanceService.Rest\MaintenanceService.Rest.csproj", "{A1B2C3D4-E5F6-7890-ABCD-555555555555}"
EndProject
Project("{FAE04EC0-301F-11D3-BF4B-00C04F79EFBC}") = "MaintenanceService.IntegrationTests", "tests\MaintenanceService.IntegrationTests\MaintenanceService.IntegrationTests.csproj", "{A1B2C3D4-E5F6-7890-ABCD-666666666666}"
EndProject
Global
	GlobalSection(SolutionConfigurationPlatforms) = preSolution
		Debug|Any CPU = Debug|Any CPU
		Debug|x64 = Debug|x64
		Debug|x86 = Debug|x86
		Release|Any CPU = Release|Any CPU
		Release|x64 = Release|x64
		Release|x86 = Release|x86
	EndGlobalSection
	GlobalSection(ProjectConfigurationPlatforms) = postSolution
		{1EFB7765-DAF4-459D-85B7-8BCA3DA9789A}.Debug|Any CPU.ActiveCfg = Debug|Any CPU
		{1EFB7765-DAF4-459D-85B7-8BCA3DA9789A}.Debug|Any CPU.Build.0 = Debug|Any CPU
		{1EFB7765-DAF4-459D-85B7-8BCA3DA9789A}.Debug|x64.ActiveCfg = Debug|Any CPU
		{1EFB7765-DAF4-459D-85B7-8BCA3DA9789A}.Debug|x64.Build.0 = Debug|Any CPU
		{1EFB7765-DAF4-459D-85B7-8BCA3DA9789A}.Debug|x86.ActiveCfg = Debug|Any CPU
		{1EFB7765-DAF4-459D-85B7-8BCA3DA9789A}.Debug|x86.Build.0 = Debug|Any CPU
		{1EFB7765-DAF4-459D-85B7-8BCA3DA9789A}.Release|Any CPU.ActiveCfg = Release|Any CPU
		{1EFB7765-DAF4-459D-85B7-8BCA3DA9789A}.Release|Any CPU.Build.0 = Release|Any CPU
		{1EFB7765-DAF4-459D-85B7-8BCA3DA9789A}.Release|x64.ActiveCfg = Release|Any CPU
		{1EFB7765-DAF4-459D-85B7-8BCA3DA9789A}.Release|x64.Build.0 = Release|Any CPU
		{1EFB7765-DAF4-459D-85B7-8BCA3DA9789A}.Release|x86.ActiveCfg = Release|Any CPU
		{1EFB7765-DAF4-459D-85B7-8BCA3DA9789A}.Release|x86.Build.0 = Release|Any CPU
		{B4D6F8A2-C3E5-4791-BCDE-F12345678901}.Debug|Any CPU.ActiveCfg = Debug|Any CPU
		{B4D6F8A2-C3E5-4791-BCDE-F12345678901}.Debug|Any CPU.Build.0 = Debug|Any CPU
		{B4D6F8A2-C3E5-4791-BCDE-F12345678901}.Debug|x64.ActiveCfg = Debug|Any CPU
		{B4D6F8A2-C3E5-4791-BCDE-F12345678901}.Debug|x64.Build.0 = Debug|Any CPU
		{B4D6F8A2-C3E5-4791-BCDE-F12345678901}.Debug|x86.ActiveCfg = Debug|Any CPU
		{B4D6F8A2-C3E5-4791-BCDE-F12345678901}.Debug|x86.Build.0 = Debug|Any CPU
		{B4D6F8A2-C3E5-4791-BCDE-F12345678901}.Release|Any CPU.ActiveCfg = Release|Any CPU
		{B4D6F8A2-C3E5-4791-BCDE-F12345678901}.Release|Any CPU.Build.0 = Release|Any CPU
		{B4D6F8A2-C3E5-4791-BCDE-F12345678901}.Release|x64.ActiveCfg = Release|Any CPU
		{B4D6F8A2-C3E5-4791-BCDE-F12345678901}.Release|x64.Build.0 = Release|Any CPU
		{B4D6F8A2-C3E5-4791-BCDE-F12345678901}.Release|x86.ActiveCfg = Release|Any CPU
		{B4D6F8A2-C3E5-4791-BCDE-F12345678901}.Release|x86.Build.0 = Release|Any CPU
		{2F8C95B8-C698-42AD-8047-E98316F1F6E2}.Debug|Any CPU.ActiveCfg = Debug|Any CPU
		{2F8C95B8-C698-42AD-8047-E98316F1F6E2}.Debug|Any CPU.Build.0 = Debug|Any CPU
		{2F8C95B8-C698-42AD-8047-E98316F1F6E2}.Debug|x64.ActiveCfg = Debug|Any CPU
		{2F8C95B8-C698-42AD-8047-E98316F1F6E2}.Debug|x64.Build.0 = Debug|Any CPU
		{2F8C95B8-C698-42AD-8047-E98316F1F6E2}.Debug|x86.ActiveCfg = Debug|Any CPU
		{2F8C95B8-C698-42AD-8047-E98316F1F6E2}.Debug|x86.Build.0 = Debug|Any CPU
		{2F8C95B8-C698-42AD-8047-E98316F1F6E2}.Release|Any CPU.ActiveCfg = Release|Any CPU
		{2F8C95B8-C698-42AD-8047-E98316F1F6E2}.Release|Any CPU.Build.0 = Release|Any CPU
		{2F8C95B8-C698-42AD-8047-E98316F1F6E2}.Release|x64.ActiveCfg = Release|Any CPU
		{2F8C95B8-C698-42AD-8047-E98316F1F6E2}.Release|x64.Build.0 = Release|Any CPU
		{2F8C95B8-C698-42AD-8047-E98316F1F6E2}.Release|x86.ActiveCfg = Release|Any CPU
		{2F8C95B8-C698-42AD-8047-E98316F1F6E2}.Release|x86.Build.0 = Release|Any CPU
		{6CD925FB-0496-4D98-85EA-5DFCCA174CB6}.Debug|Any CPU.ActiveCfg = Debug|Any CPU
		{6CD925FB-0496-4D98-85EA-5DFCCA174CB6}.Debug|Any CPU.Build.0 = Debug|Any CPU
		{6CD925FB-0496-4D98-85EA-5DFCCA174CB6}.Debug|x64.ActiveCfg = Debug|Any CPU
		{6CD925FB-0496-4D98-85EA-5DFCCA174CB6}.Debug|x64.Build.0 = Debug|Any CPU
		{6CD925FB-0496-4D98-85EA-5DFCCA174CB6}.Debug|x86.ActiveCfg = Debug|Any CPU
		{6CD925FB-0496-4D98-85EA-5DFCCA174CB6}.Debug|x86.Build.0 = Debug|Any CPU
		{6CD925FB-0496-4D98-85EA-5DFCCA174CB6}.Release|Any CPU.ActiveCfg = Release|Any CPU
		{6CD925FB-0496-4D98-85EA-5DFCCA174CB6}.Release|Any CPU.Build.0 = Release|Any CPU
		{6CD925FB-0496-4D98-85EA-5DFCCA174CB6}.Release|x64.ActiveCfg = Release|Any CPU
		{6CD925FB-0496-4D98-85EA-5DFCCA174CB6}.Release|x64.Build.0 = Release|Any CPU
		{6CD925FB-0496-4D98-85EA-5DFCCA174CB6}.Release|x86.ActiveCfg = Release|Any CPU
		{6CD925FB-0496-4D98-85EA-5DFCCA174CB6}.Release|x86.Build.0 = Release|Any CPU
		{FA08219D-B02A-4DF6-93D2-E36BE204AE94}.Debug|Any CPU.ActiveCfg = Debug|Any CPU
		{FA08219D-B02A-4DF6-93D2-E36BE204AE94}.Debug|Any CPU.Build.0 = Debug|Any CPU
		{FA08219D-B02A-4DF6-93D2-E36BE204AE94}.Debug|x64.ActiveCfg = Debug|Any CPU
		{FA08219D-B02A-4DF6-93D2-E36BE204AE94}.Debug|x64.Build.0 = Debug|Any CPU
		{FA08219D-B02A-4DF6-93D2-E36BE204AE94}.Debug|x86.ActiveCfg = Debug|Any CPU
		{FA08219D-B02A-4DF6-93D2-E36BE204AE94}.Debug|x86.Build.0 = Debug|Any CPU
		{FA08219D-B02A-4DF6-93D2-E36BE204AE94}.Release|Any CPU.ActiveCfg = Release|Any CPU
		{FA08219D-B02A-4DF6-93D2-E36BE204AE94}.Release|Any CPU.Build.0 = Release|Any CPU
		{FA08219D-B02A-4DF6-93D2-E36BE204AE94}.Release|x64.ActiveCfg = Release|Any CPU
		{FA08219D-B02A-4DF6-93D2-E36BE204AE94}.Release|x64.Build.0 = Release|Any CPU
		{FA08219D-B02A-4DF6-93D2-E36BE204AE94}.Release|x86.ActiveCfg = Release|Any CPU
		{FA08219D-B02A-4DF6-93D2-E36BE204AE94}.Release|x86.Build.0 = Release|Any CPU
		{DD28A379-DBCD-4BFF-A03A-E2F6377519B5}.Debug|Any CPU.ActiveCfg = Debug|Any CPU
		{DD28A379-DBCD-4BFF-A03A-E2F6377519B5}.Debug|Any CPU.Build.0 = Debug|Any CPU
		{DD28A379-DBCD-4BFF-A03A-E2F6377519B5}.Debug|x64.ActiveCfg = Debug|Any CPU
		{DD28A379-DBCD-4BFF-A03A-E2F6377519B5}.Debug|x64.Build.0 = Debug|Any CPU
		{DD28A379-DBCD-4BFF-A03A-E2F6377519B5}.Debug|x86.ActiveCfg = Debug|Any CPU
		{DD28A379-DBCD-4BFF-A03A-E2F6377519B5}.Debug|x86.Build.0 = Debug|Any CPU
		{DD28A379-DBCD-4BFF-A03A-E2F6377519B5}.Release|Any CPU.ActiveCfg = Release|Any CPU
		{DD28A379-DBCD-4BFF-A03A-E2F6377519B5}.Release|Any CPU.Build.0 = Release|Any CPU
		{DD28A379-DBCD-4BFF-A03A-E2F6377519B5}.Release|x64.ActiveCfg = Release|Any CPU
		{DD28A379-DBCD-4BFF-A03A-E2F6377519B5}.Release|x64.Build.0 = Release|Any CPU
		{DD28A379-DBCD-4BFF-A03A-E2F6377519B5}.Release|x86.ActiveCfg = Release|Any CPU
		{DD28A379-DBCD-4BFF-A03A-E2F6377519B5}.Release|x86.Build.0 = Release|Any CPU
		{D16CE495-50F4-4E54-BA43-1EC20180FDCD}.Debug|Any CPU.ActiveCfg = Debug|Any CPU
		{D16CE495-50F4-4E54-BA43-1EC20180FDCD}.Debug|Any CPU.Build.0 = Debug|Any CPU
		{D16CE495-50F4-4E54-BA43-1EC20180FDCD}.Debug|x64.ActiveCfg = Debug|Any CPU
		{D16CE495-50F4-4E54-BA43-1EC20180FDCD}.Debug|x64.Build.0 = Debug|Any CPU
		{D16CE495-50F4-4E54-BA43-1EC20180FDCD}.Debug|x86.ActiveCfg = Debug|Any CPU
		{D16CE495-50F4-4E54-BA43-1EC20180FDCD}.Debug|x86.Build.0 = Debug|Any CPU
		{D16CE495-50F4-4E54-BA43-1EC20180FDCD}.Release|Any CPU.ActiveCfg = Release|Any CPU
		{D16CE495-50F4-4E54-BA43-1EC20180FDCD}.Release|Any CPU.Build.0 = Release|Any CPU
		{D16CE495-50F4-4E54-BA43-1EC20180FDCD}.Release|x64.ActiveCfg = Release|Any CPU
		{D16CE495-50F4-4E54-BA43-1EC20180FDCD}.Release|x64.Build.0 = Release|Any CPU
		{D16CE495-50F4-4E54-BA43-1EC20180FDCD}.Release|x86.ActiveCfg = Release|Any CPU
		{D16CE495-50F4-4E54-BA43-1EC20180FDCD}.Release|x86.Build.0 = Release|Any CPU
		{3B798F8A-58CC-4E7E-BBD7-3B4729F6E655}.Debug|Any CPU.ActiveCfg = Debug|Any CPU
		{3B798F8A-58CC-4E7E-BBD7-3B4729F6E655}.Debug|Any CPU.Build.0 = Debug|Any CPU
		{3B798F8A-58CC-4E7E-BBD7-3B4729F6E655}.Debug|x64.ActiveCfg = Debug|Any CPU
		{3B798F8A-58CC-4E7E-BBD7-3B4729F6E655}.Debug|x64.Build.0 = Debug|Any CPU
		{3B798F8A-58CC-4E7E-BBD7-3B4729F6E655}.Debug|x86.ActiveCfg = Debug|Any CPU
		{3B798F8A-58CC-4E7E-BBD7-3B4729F6E655}.Debug|x86.Build.0 = Debug|Any CPU
		{3B798F8A-58CC-4E7E-BBD7-3B4729F6E655}.Release|Any CPU.ActiveCfg = Release|Any CPU
		{3B798F8A-58CC-4E7E-BBD7-3B4729F6E655}.Release|Any CPU.Build.0 = Release|Any CPU
		{3B798F8A-58CC-4E7E-BBD7-3B4729F6E655}.Release|x64.ActiveCfg = Release|Any CPU
		{3B798F8A-58CC-4E7E-BBD7-3B4729F6E655}.Release|x64.Build.0 = Release|Any CPU
		{3B798F8A-58CC-4E7E-BBD7-3B4729F6E655}.Release|x86.ActiveCfg = Release|Any CPU
		{3B798F8A-58CC-4E7E-BBD7-3B4729F6E655}.Release|x86.Build.0 = Release|Any CPU
		{E3F4A5B6-C7D8-9012-EFAB-345678901BCD}.Debug|Any CPU.ActiveCfg = Debug|Any CPU
		{E3F4A5B6-C7D8-9012-EFAB-345678901BCD}.Debug|Any CPU.Build.0 = Debug|Any CPU
		{E3F4A5B6-C7D8-9012-EFAB-345678901BCD}.Debug|x64.ActiveCfg = Debug|Any CPU
		{E3F4A5B6-C7D8-9012-EFAB-345678901BCD}.Debug|x64.Build.0 = Debug|Any CPU
		{E3F4A5B6-C7D8-9012-EFAB-345678901BCD}.Debug|x86.ActiveCfg = Debug|Any CPU
		{E3F4A5B6-C7D8-9012-EFAB-345678901BCD}.Debug|x86.Build.0 = Debug|Any CPU
		{E3F4A5B6-C7D8-9012-EFAB-345678901BCD}.Release|Any CPU.ActiveCfg = Release|Any CPU
		{E3F4A5B6-C7D8-9012-EFAB-345678901BCD}.Release|Any CPU.Build.0 = Release|Any CPU
		{E3F4A5B6-C7D8-9012-EFAB-345678901BCD}.Release|x64.ActiveCfg = Release|Any CPU
		{E3F4A5B6-C7D8-9012-EFAB-345678901BCD}.Release|x64.Build.0 = Release|Any CPU
		{E3F4A5B6-C7D8-9012-EFAB-345678901BCD}.Release|x86.ActiveCfg = Release|Any CPU
		{E3F4A5B6-C7D8-9012-EFAB-345678901BCD}.Release|x86.Build.0 = Release|Any CPU
		{F4A5B6C7-D8E9-0123-FABC-456789012CDE}.Debug|Any CPU.ActiveCfg = Debug|Any CPU
		{F4A5B6C7-D8E9-0123-FABC-456789012CDE}.Debug|Any CPU.Build.0 = Debug|Any CPU
		{F4A5B6C7-D8E9-0123-FABC-456789012CDE}.Debug|x64.ActiveCfg = Debug|Any CPU
		{F4A5B6C7-D8E9-0123-FABC-456789012CDE}.Debug|x64.Build.0 = Debug|Any CPU
		{F4A5B6C7-D8E9-0123-FABC-456789012CDE}.Debug|x86.ActiveCfg = Debug|Any CPU
		{F4A5B6C7-D8E9-0123-FABC-456789012CDE}.Debug|x86.Build.0 = Debug|Any CPU
		{F4A5B6C7-D8E9-0123-FABC-456789012CDE}.Release|Any CPU.ActiveCfg = Release|Any CPU
		{F4A5B6C7-D8E9-0123-FABC-456789012CDE}.Release|Any CPU.Build.0 = Release|Any CPU
		{F4A5B6C7-D8E9-0123-FABC-456789012CDE}.Release|x64.ActiveCfg = Release|Any CPU
		{F4A5B6C7-D8E9-0123-FABC-456789012CDE}.Release|x64.Build.0 = Release|Any CPU
		{F4A5B6C7-D8E9-0123-FABC-456789012CDE}.Release|x86.ActiveCfg = Release|Any CPU
		{F4A5B6C7-D8E9-0123-FABC-456789012CDE}.Release|x86.Build.0 = Release|Any CPU
		{A5B6C7D8-E9F0-1234-ABCD-567890123DEF}.Debug|Any CPU.ActiveCfg = Debug|Any CPU
		{A5B6C7D8-E9F0-1234-ABCD-567890123DEF}.Debug|Any CPU.Build.0 = Debug|Any CPU
		{A5B6C7D8-E9F0-1234-ABCD-567890123DEF}.Debug|x64.ActiveCfg = Debug|Any CPU
		{A5B6C7D8-E9F0-1234-ABCD-567890123DEF}.Debug|x64.Build.0 = Debug|Any CPU
		{A5B6C7D8-E9F0-1234-ABCD-567890123DEF}.Debug|x86.ActiveCfg = Debug|Any CPU
		{A5B6C7D8-E9F0-1234-ABCD-567890123DEF}.Debug|x86.Build.0 = Debug|Any CPU
		{A5B6C7D8-E9F0-1234-ABCD-567890123DEF}.Release|Any CPU.ActiveCfg = Release|Any CPU
		{A5B6C7D8-E9F0-1234-ABCD-567890123DEF}.Release|Any CPU.Build.0 = Release|Any CPU
		{A5B6C7D8-E9F0-1234-ABCD-567890123DEF}.Release|x64.ActiveCfg = Release|Any CPU
		{A5B6C7D8-E9F0-1234-ABCD-567890123DEF}.Release|x64.Build.0 = Release|Any CPU
		{A5B6C7D8-E9F0-1234-ABCD-567890123DEF}.Release|x86.ActiveCfg = Release|Any CPU
		{A5B6C7D8-E9F0-1234-ABCD-567890123DEF}.Release|x86.Build.0 = Release|Any CPU
		{B6C7D8E9-F0A1-2345-BCDE-678901234EFA}.Debug|Any CPU.ActiveCfg = Debug|Any CPU
		{B6C7D8E9-F0A1-2345-BCDE-678901234EFA}.Debug|Any CPU.Build.0 = Debug|Any CPU
		{B6C7D8E9-F0A1-2345-BCDE-678901234EFA}.Debug|x64.ActiveCfg = Debug|Any CPU
		{B6C7D8E9-F0A1-2345-BCDE-678901234EFA}.Debug|x64.Build.0 = Debug|Any CPU
		{B6C7D8E9-F0A1-2345-BCDE-678901234EFA}.Debug|x86.ActiveCfg = Debug|Any CPU
		{B6C7D8E9-F0A1-2345-BCDE-678901234EFA}.Debug|x86.Build.0 = Debug|Any CPU
		{B6C7D8E9-F0A1-2345-BCDE-678901234EFA}.Release|Any CPU.ActiveCfg = Release|Any CPU
		{B6C7D8E9-F0A1-2345-BCDE-678901234EFA}.Release|Any CPU.Build.0 = Release|Any CPU
		{B6C7D8E9-F0A1-2345-BCDE-678901234EFA}.Release|x64.ActiveCfg = Release|Any CPU
		{B6C7D8E9-F0A1-2345-BCDE-678901234EFA}.Release|x64.Build.0 = Release|Any CPU
		{B6C7D8E9-F0A1-2345-BCDE-678901234EFA}.Release|x86.ActiveCfg = Release|Any CPU
		{B6C7D8E9-F0A1-2345-BCDE-678901234EFA}.Release|x86.Build.0 = Release|Any CPU
		{C7D8E9F0-A1B2-3456-CDEF-789012345FAB}.Debug|Any CPU.ActiveCfg = Debug|Any CPU
		{C7D8E9F0-A1B2-3456-CDEF-789012345FAB}.Debug|Any CPU.Build.0 = Debug|Any CPU
		{C7D8E9F0-A1B2-3456-CDEF-789012345FAB}.Debug|x64.ActiveCfg = Debug|Any CPU
		{C7D8E9F0-A1B2-3456-CDEF-789012345FAB}.Debug|x64.Build.0 = Debug|Any CPU
		{C7D8E9F0-A1B2-3456-CDEF-789012345FAB}.Debug|x86.ActiveCfg = Debug|Any CPU
		{C7D8E9F0-A1B2-3456-CDEF-789012345FAB}.Debug|x86.Build.0 = Debug|Any CPU
		{C7D8E9F0-A1B2-3456-CDEF-789012345FAB}.Release|Any CPU.ActiveCfg = Release|Any CPU
		{C7D8E9F0-A1B2-3456-CDEF-789012345FAB}.Release|Any CPU.Build.0 = Release|Any CPU
		{C7D8E9F0-A1B2-3456-CDEF-789012345FAB}.Release|x64.ActiveCfg = Release|Any CPU
		{C7D8E9F0-A1B2-3456-CDEF-789012345FAB}.Release|x64.Build.0 = Release|Any CPU
		{C7D8E9F0-A1B2-3456-CDEF-789012345FAB}.Release|x86.ActiveCfg = Release|Any CPU
		{C7D8E9F0-A1B2-3456-CDEF-789012345FAB}.Release|x86.Build.0 = Release|Any CPU
		{D8E9F0A1-B2C3-4567-DEFA-890123456ABC}.Debug|Any CPU.ActiveCfg = Debug|Any CPU
		{D8E9F0A1-B2C3-4567-DEFA-890123456ABC}.Debug|Any CPU.Build.0 = Debug|Any CPU
		{D8E9F0A1-B2C3-4567-DEFA-890123456ABC}.Debug|x64.ActiveCfg = Debug|Any CPU
		{D8E9F0A1-B2C3-4567-DEFA-890123456ABC}.Debug|x64.Build.0 = Debug|Any CPU
		{D8E9F0A1-B2C3-4567-DEFA-890123456ABC}.Debug|x86.ActiveCfg = Debug|Any CPU
		{D8E9F0A1-B2C3-4567-DEFA-890123456ABC}.Debug|x86.Build.0 = Debug|Any CPU
		{D8E9F0A1-B2C3-4567-DEFA-890123456ABC}.Release|Any CPU.ActiveCfg = Release|Any CPU
		{D8E9F0A1-B2C3-4567-DEFA-890123456ABC}.Release|Any CPU.Build.0 = Release|Any CPU
		{D8E9F0A1-B2C3-4567-DEFA-890123456ABC}.Release|x64.ActiveCfg = Release|Any CPU
		{D8E9F0A1-B2C3-4567-DEFA-890123456ABC}.Release|x64.Build.0 = Release|Any CPU
		{D8E9F0A1-B2C3-4567-DEFA-890123456ABC}.Release|x86.ActiveCfg = Release|Any CPU
		{D8E9F0A1-B2C3-4567-DEFA-890123456ABC}.Release|x86.Build.0 = Release|Any CPU
		{C438216B-9847-4826-99C2-0AFEEBFC5471}.Debug|Any CPU.ActiveCfg = Debug|Any CPU
		{C438216B-9847-4826-99C2-0AFEEBFC5471}.Debug|Any CPU.Build.0 = Debug|Any CPU
		{C438216B-9847-4826-99C2-0AFEEBFC5471}.Debug|x64.ActiveCfg = Debug|Any CPU
		{C438216B-9847-4826-99C2-0AFEEBFC5471}.Debug|x64.Build.0 = Debug|Any CPU
		{C438216B-9847-4826-99C2-0AFEEBFC5471}.Debug|x86.ActiveCfg = Debug|Any CPU
		{C438216B-9847-4826-99C2-0AFEEBFC5471}.Debug|x86.Build.0 = Debug|Any CPU
		{C438216B-9847-4826-99C2-0AFEEBFC5471}.Release|Any CPU.ActiveCfg = Release|Any CPU
		{C438216B-9847-4826-99C2-0AFEEBFC5471}.Release|Any CPU.Build.0 = Release|Any CPU
		{C438216B-9847-4826-99C2-0AFEEBFC5471}.Release|x64.ActiveCfg = Release|Any CPU
		{C438216B-9847-4826-99C2-0AFEEBFC5471}.Release|x64.Build.0 = Release|Any CPU
		{C438216B-9847-4826-99C2-0AFEEBFC5471}.Release|x86.ActiveCfg = Release|Any CPU
		{C438216B-9847-4826-99C2-0AFEEBFC5471}.Release|x86.Build.0 = Release|Any CPU
				{A1B2C3D4-E5F6-7890-ABCD-222222222222}.Debug|Any CPU.ActiveCfg = Debug|Any CPU
        		{A1B2C3D4-E5F6-7890-ABCD-222222222222}.Debug|Any CPU.Build.0 = Debug|Any CPU
        		{A1B2C3D4-E5F6-7890-ABCD-222222222222}.Debug|x64.ActiveCfg = Debug|Any CPU
        		{A1B2C3D4-E5F6-7890-ABCD-222222222222}.Debug|x64.Build.0 = Debug|Any CPU
        		{A1B2C3D4-E5F6-7890-ABCD-222222222222}.Debug|x86.ActiveCfg = Debug|Any CPU
        		{A1B2C3D4-E5F6-7890-ABCD-222222222222}.Debug|x86.Build.0 = Debug|Any CPU
        		{A1B2C3D4-E5F6-7890-ABCD-222222222222}.Release|Any CPU.ActiveCfg = Release|Any CPU
        		{A1B2C3D4-E5F6-7890-ABCD-222222222222}.Release|Any CPU.Build.0 = Release|Any CPU
        		{A1B2C3D4-E5F6-7890-ABCD-222222222222}.Release|x64.ActiveCfg = Release|Any CPU
        		{A1B2C3D4-E5F6-7890-ABCD-222222222222}.Release|x64.Build.0 = Release|Any CPU
        		{A1B2C3D4-E5F6-7890-ABCD-222222222222}.Release|x86.ActiveCfg = Release|Any CPU
        		{A1B2C3D4-E5F6-7890-ABCD-222222222222}.Release|x86.Build.0 = Release|Any CPU
        		{A1B2C3D4-E5F6-7890-ABCD-333333333333}.Debug|Any CPU.ActiveCfg = Debug|Any CPU
        		{A1B2C3D4-E5F6-7890-ABCD-333333333333}.Debug|Any CPU.Build.0 = Debug|Any CPU
        		{A1B2C3D4-E5F6-7890-ABCD-333333333333}.Debug|x64.ActiveCfg = Debug|Any CPU
        		{A1B2C3D4-E5F6-7890-ABCD-333333333333}.Debug|x64.Build.0 = Debug|Any CPU
        		{A1B2C3D4-E5F6-7890-ABCD-333333333333}.Debug|x86.ActiveCfg = Debug|Any CPU
        		{A1B2C3D4-E5F6-7890-ABCD-333333333333}.Debug|x86.Build.0 = Debug|Any CPU
        		{A1B2C3D4-E5F6-7890-ABCD-333333333333}.Release|Any CPU.ActiveCfg = Release|Any CPU
        		{A1B2C3D4-E5F6-7890-ABCD-333333333333}.Release|Any CPU.Build.0 = Release|Any CPU
        		{A1B2C3D4-E5F6-7890-ABCD-333333333333}.Release|x64.ActiveCfg = Release|Any CPU
        		{A1B2C3D4-E5F6-7890-ABCD-333333333333}.Release|x64.Build.0 = Release|Any CPU
        		{A1B2C3D4-E5F6-7890-ABCD-333333333333}.Release|x86.ActiveCfg = Release|Any CPU
        		{A1B2C3D4-E5F6-7890-ABCD-333333333333}.Release|x86.Build.0 = Release|Any CPU
        		{A1B2C3D4-E5F6-7890-ABCD-444444444444}.Debug|Any CPU.ActiveCfg = Debug|Any CPU
        		{A1B2C3D4-E5F6-7890-ABCD-444444444444}.Debug|Any CPU.Build.0 = Debug|Any CPU
        		{A1B2C3D4-E5F6-7890-ABCD-444444444444}.Debug|x64.ActiveCfg = Debug|Any CPU
        		{A1B2C3D4-E5F6-7890-ABCD-444444444444}.Debug|x64.Build.0 = Debug|Any CPU
        		{A1B2C3D4-E5F6-7890-ABCD-444444444444}.Debug|x86.ActiveCfg = Debug|Any CPU
        		{A1B2C3D4-E5F6-7890-ABCD-444444444444}.Debug|x86.Build.0 = Debug|Any CPU
        		{A1B2C3D4-E5F6-7890-ABCD-444444444444}.Release|Any CPU.ActiveCfg = Release|Any CPU
        		{A1B2C3D4-E5F6-7890-ABCD-444444444444}.Release|Any CPU.Build.0 = Release|Any CPU
        		{A1B2C3D4-E5F6-7890-ABCD-444444444444}.Release|x64.ActiveCfg = Release|Any CPU
        		{A1B2C3D4-E5F6-7890-ABCD-444444444444}.Release|x64.Build.0 = Release|Any CPU
        		{A1B2C3D4-E5F6-7890-ABCD-444444444444}.Release|x86.ActiveCfg = Release|Any CPU
        		{A1B2C3D4-E5F6-7890-ABCD-444444444444}.Release|x86.Build.0 = Release|Any CPU
        		{A1B2C3D4-E5F6-7890-ABCD-555555555555}.Debug|Any CPU.ActiveCfg = Debug|Any CPU
        		{A1B2C3D4-E5F6-7890-ABCD-555555555555}.Debug|Any CPU.Build.0 = Debug|Any CPU
        		{A1B2C3D4-E5F6-7890-ABCD-555555555555}.Debug|x64.ActiveCfg = Debug|Any CPU
        		{A1B2C3D4-E5F6-7890-ABCD-555555555555}.Debug|x64.Build.0 = Debug|Any CPU
        		{A1B2C3D4-E5F6-7890-ABCD-555555555555}.Debug|x86.ActiveCfg = Debug|Any CPU
        		{A1B2C3D4-E5F6-7890-ABCD-555555555555}.Debug|x86.Build.0 = Debug|Any CPU
        		{A1B2C3D4-E5F6-7890-ABCD-555555555555}.Release|Any CPU.ActiveCfg = Release|Any CPU
        		{A1B2C3D4-E5F6-7890-ABCD-555555555555}.Release|Any CPU.Build.0 = Release|Any CPU
        		{A1B2C3D4-E5F6-7890-ABCD-555555555555}.Release|x64.ActiveCfg = Release|Any CPU
        		{A1B2C3D4-E5F6-7890-ABCD-555555555555}.Release|x64.Build.0 = Release|Any CPU
        		{A1B2C3D4-E5F6-7890-ABCD-555555555555}.Release|x86.ActiveCfg = Release|Any CPU
        		{A1B2C3D4-E5F6-7890-ABCD-555555555555}.Release|x86.Build.0 = Release|Any CPU
        				{A1B2C3D4-E5F6-7890-ABCD-666666666666}.Debug|Any CPU.ActiveCfg = Debug|Any CPU
                		{A1B2C3D4-E5F6-7890-ABCD-666666666666}.Debug|Any CPU.Build.0 = Debug|Any CPU
                		{A1B2C3D4-E5F6-7890-ABCD-666666666666}.Debug|x64.ActiveCfg = Debug|Any CPU
                		{A1B2C3D4-E5F6-7890-ABCD-666666666666}.Debug|x64.Build.0 = Debug|Any CPU
                		{A1B2C3D4-E5F6-7890-ABCD-666666666666}.Debug|x86.ActiveCfg = Debug|Any CPU
                		{A1B2C3D4-E5F6-7890-ABCD-666666666666}.Debug|x86.Build.0 = Debug|Any CPU
                		{A1B2C3D4-E5F6-7890-ABCD-666666666666}.Release|Any CPU.ActiveCfg = Release|Any CPU
                		{A1B2C3D4-E5F6-7890-ABCD-666666666666}.Release|Any CPU.Build.0 = Release|Any CPU
                		{A1B2C3D4-E5F6-7890-ABCD-666666666666}.Release|x64.ActiveCfg = Release|Any CPU
                		{A1B2C3D4-E5F6-7890-ABCD-666666666666}.Release|x64.Build.0 = Release|Any CPU
                		{A1B2C3D4-E5F6-7890-ABCD-666666666666}.Release|x86.ActiveCfg = Release|Any CPU
                		{A1B2C3D4-E5F6-7890-ABCD-666666666666}.Release|x86.Build.0 = Release|Any CPU
	EndGlobalSection
	GlobalSection(SolutionProperties) = preSolution
		HideSolutionNode = FALSE
	EndGlobalSection
	GlobalSection(NestedProjects) = preSolution
		{1EFB7765-DAF4-459D-85B7-8BCA3DA9789A} = {827E0CD3-B72D-47B6-A68D-7590B98EB39B}
		{B4D6F8A2-C3E5-4791-BCDE-F12345678901} = {A1B2C3D4-E5F6-7890-ABCD-EF1234567890}
		{2F8C95B8-C698-42AD-8047-E98316F1F6E2} = {827E0CD3-B72D-47B6-A68D-7590B98EB39B}
		{6CD925FB-0496-4D98-85EA-5DFCCA174CB6} = {827E0CD3-B72D-47B6-A68D-7590B98EB39B}
		{FA08219D-B02A-4DF6-93D2-E36BE204AE94} = {A1B2C3D4-E5F6-7890-ABCD-EF1234567890}
		{DD28A379-DBCD-4BFF-A03A-E2F6377519B5} = {827E0CD3-B72D-47B6-A68D-7590B98EB39B}
		{D16CE495-50F4-4E54-BA43-1EC20180FDCD} = {827E0CD3-B72D-47B6-A68D-7590B98EB39B}
		{3B798F8A-58CC-4E7E-BBD7-3B4729F6E655} = {0AB3BF05-4346-4AA6-1389-037BE0695223}
		{D1E2F3A4-B5C6-7890-DEFA-234567890BCD} = {C1D2E3F4-A5B6-7890-CDEF-123456789ABC}
								{E1F2A3B4-C5D6-7890-EFAB-345678901CDE} = {C1D2E3F4-A5B6-7890-CDEF-123456789ABC}
								{F1A2B3C4-D5E6-7890-FABC-456789012DEF} = {C1D2E3F4-A5B6-7890-CDEF-123456789ABC}
								{A1B2C3D4-E5F6-7890-ABCD-567890123EFA} = {C1D2E3F4-A5B6-7890-CDEF-123456789ABC}
								{B2C3D4E5-F6A7-8901-BCDE-678901234FAB} = {C1D2E3F4-A5B6-7890-CDEF-123456789ABC}
								{C1D2E3F4-A5B6-7890-CDEF-987654321ABC} = {0AB3BF05-4346-4AA6-1389-037BE0695223}
		{E3F4A5B6-C7D8-9012-EFAB-345678901BCD} = {D2E3F4A5-B6C7-8901-DEFA-234567890ABC}
		{F4A5B6C7-D8E9-0123-FABC-456789012CDE} = {D2E3F4A5-B6C7-8901-DEFA-234567890ABC}
		{A5B6C7D8-E9F0-1234-ABCD-567890123DEF} = {D2E3F4A5-B6C7-8901-DEFA-234567890ABC}
		{B6C7D8E9-F0A1-2345-BCDE-678901234EFA} = {D2E3F4A5-B6C7-8901-DEFA-234567890ABC}
		{C7D8E9F0-A1B2-3456-CDEF-789012345FAB} = {D2E3F4A5-B6C7-8901-DEFA-234567890ABC}
		{D8E9F0A1-B2C3-4567-DEFA-890123456ABC} = {0AB3BF05-4346-4AA6-1389-037BE0695223}
				{C438216B-9847-4826-99C2-0AFEEBFC5471} = {A1B2C3D4-E5F6-7890-ABCD-111111111111}
        		{A1B2C3D4-E5F6-7890-ABCD-222222222222} = {A1B2C3D4-E5F6-7890-ABCD-111111111111}
        		{A1B2C3D4-E5F6-7890-ABCD-333333333333} = {A1B2C3D4-E5F6-7890-ABCD-111111111111}
        		{A1B2C3D4-E5F6-7890-ABCD-444444444444} = {A1B2C3D4-E5F6-7890-ABCD-111111111111}
        		{A1B2C3D4-E5F6-7890-ABCD-555555555555} = {A1B2C3D4-E5F6-7890-ABCD-111111111111}
        				{A1B2C3D4-E5F6-7890-ABCD-666666666666} = {0AB3BF05-4346-4AA6-1389-037BE0695223}
	EndGlobalSection
EndGlobal
